
Microsoft Visual Studio Solution File, Format Version 12.00
# Visual Studio Version 16
VisualStudioVersion = 16.0.30011.22
MinimumVisualStudioVersion = 10.0.40219.1
Project("{FAE04EC0-301F-11D3-BF4B-00C04F79EFBC}") = "EventBooker", "EventBooker\EventBooker.csproj", "{FBECF162-8D9D-4E3D-858B-B0EF5E4F1B29}"
EndProject
Global
	GlobalSection(SolutionConfigurationPlatforms) = preSolution
		Debug|Any CPU = Debug|Any CPU
		Release|Any CPU = Release|Any CPU
	EndGlobalSection
	GlobalSection(ProjectConfigurationPlatforms) = postSolution
		{FBECF162-8D9D-4E3D-858B-B0EF5E4F1B29}.Debug|Any CPU.ActiveCfg = Debug|Any CPU
		{FBECF162-8D9D-4E3D-858B-B0EF5E4F1B29}.Debug|Any CPU.Build.0 = Debug|Any CPU
		{FBECF162-8D9D-4E3D-858B-B0EF5E4F1B29}.Release|Any CPU.ActiveCfg = Release|Any CPU
		{FBECF162-8D9D-4E3D-858B-B0EF5E4F1B29}.Release|Any CPU.Build.0 = Release|Any CPU
	EndGlobalSection
	GlobalSection(SolutionProperties) = preSolution
		HideSolutionNode = FALSE
	EndGlobalSection
	GlobalSection(ExtensibilityGlobals) = postSolution
		SolutionGuid = {E354DE8B-D632-490D-8D11-DA105EE2A89D}
	EndGlobalSection
EndGlobal
